PODS:
  - Flutter (1.0.0)
  - native_bmi (0.0.1):
    - Flutter

DEPENDENCIES:
  - Flutter (from `Flutter`)
  - native_bmi (from `.symlinks/plugins/native_bmi/ios`)

EXTERNAL SOURCES:
  Flutter:
    :path: Flutter
  native_bmi:
    :path: ".symlinks/plugins/native_bmi/ios"

SPEC CHECKSUMS:
  Flutter: cabc95a1d2626b1b06e7179b784ebcf0c0cde467
  native_bmi: 886fc815eef5a5b9c070512b547952c8a90252b1

PODFILE CHECKSUM: 3c63482e143d1b91d2d2560aee9fb04ecc74ac7e

COCOAPODS: 1.16.2
